{
  "name": "uups_truffle",
  "version": "1.0.0",
  "lockfileVersion": 2,
  "requires": true,
  "packages": {
    "": {
      "name": "uups_truffle",
      "version": "1.0.0",
      "license": "ISC",
      "dependencies": {
        "@openzeppelin/contracts": "^4.4.2",
        "@openzeppelin/contracts-upgradeable": "^4.4.2"
      }
    },
    "node_modules/@openzeppelin/contracts": {
      "version": "4.4.2",
      "resolved": "https://registry.npmjs.org/@openzeppelin/contracts/-/contracts-4.4.2.tgz",
      "integrity": "sha512-NyJV7sJgoGYqbtNUWgzzOGW4T6rR19FmX1IJgXGdapGPWsuMelGJn9h03nos0iqfforCbCB0iYIR0MtIuIFLLw=="
    },
    "node_modules/@openzeppelin/contracts-upgradeable": {
      "version": "4.4.2",
      "resolved": "https://registry.npmjs.org/@openzeppelin/contracts-upgradeable/-/contracts-upgradeable-4.4.2.tgz",
      "integrity": "sha512-bavxs18L47EmcdnL9I6DzsVSUJO+0/zD6zH7/6qG7QRBugvR3VNVZR+nMvuZlCNwuTTnCa3apR00PYzYr/efAw=="
    }
  },
  "dependencies": {
    "@openzeppelin/contracts": {
      "version": "4.4.2",
      "resolved": "https://registry.npmjs.org/@openzeppelin/contracts/-/contracts-4.4.2.tgz",
      "integrity": "sha512-NyJV7sJgoGYqbtNUWgzzOGW4T6rR19FmX1IJgXGdapGPWsuMelGJn9h03nos0iqfforCbCB0iYIR0MtIuIFLLw=="
    },
    "@openzeppelin/contracts-upgradeable": {
      "version": "4.4.2",
      "resolved": "https://registry.npmjs.org/@openzeppelin/contracts-upgradeable/-/contracts-upgradeable-4.4.2.tgz",
      "integrity": "sha512-bavxs18L47EmcdnL9I6DzsVSUJO+0/zD6zH7/6qG7QRBugvR3VNVZR+nMvuZlCNwuTTnCa3apR00PYzYr/efAw=="
    }
  }
}
